{
 "graph_lock": {
  "nodes": {
   "0": {
    "options": "boost:addr2line_location=/usr/bin/addr2line\nboost:asio_no_deprecated=False\nboost:buildid=None\nboost:bzip2=True\nboost:debug_level=0\nboost:diagnostic_definitions=False\nboost:error_code_header_only=False\nboost:extra_b2_flags=None\nboost:fPIC=True\nboost:filesystem_no_deprecated=False\nboost:filesystem_use_std_fs=False\nboost:filesystem_version=None\nboost:header_only=False\nboost:i18n_backend=deprecated\nboost:i18n_backend_iconv=libc\nboost:i18n_backend_icu=False\nboost:layout=system\nboost:lzma=False\nboost:magic_autolink=False\nboost:multithreading=True\nboost:namespace=boost\nboost:namespace_alias=False\nboost:numa=True\nboost:pch=True\nboost:python_executable=None\nboost:python_version=None\nboost:segmented_stacks=False\nboost:shared=False\nboost:system_no_deprecated=False\nboost:system_use_utf8=False\nboost:visibility=hidden\nboost:with_stacktrace_backtrace=True\nboost:without_atomic=False\nboost:without_chrono=False\nboost:without_container=False\nboost:without_context=False\nboost:without_contract=False\nboost:without_coroutine=False\nboost:without_date_time=False\nboost:without_exception=False\nboost:without_fiber=False\nboost:without_filesystem=False\nboost:without_graph=False\nboost:without_graph_parallel=True\nboost:without_iostreams=False\nboost:without_json=False\nboost:without_locale=False\nboost:without_log=False\nboost:without_math=False\nboost:without_mpi=True\nboost:without_nowide=False\nboost:without_program_options=False\nboost:without_python=True\nboost:without_random=False\nboost:without_regex=False\nboost:without_serialization=False\nboost:without_stacktrace=False\nboost:without_system=False\nboost:without_test=False\nboost:without_thread=False\nboost:without_timer=False\nboost:without_type_erasure=False\nboost:without_wave=False\nboost:zlib=True\nboost:zstd=False\nbrotli:enable_debug=False\nbrotli:enable_log=False\nbrotli:enable_portable=False\nbrotli:enable_rbit=True\nbrotli:endianness=None\nbrotli:fPIC=True\nbrotli:shared=False\nbrotli:target_bits=None\nbzip2:build_executable=True\nbzip2:fPIC=True\nbzip2:shared=False\ncatch2:console_width=80\ncatch2:default_reporter=None\ncatch2:fPIC=True\ncatch2:shared=False\ncatch2:with_prefix=False\ndi:diagnostics_level=1\ndi:with_extensions=False\nffmpeg:avcodec=True\nffmpeg:avdevice=True\nffmpeg:avfilter=True\nffmpeg:avformat=True\nffmpeg:disable_all_bitstream_filters=False\nffmpeg:disable_all_decoders=False\nffmpeg:disable_all_demuxers=False\nffmpeg:disable_all_devices=False\nffmpeg:disable_all_encoders=False\nffmpeg:disable_all_filters=False\nffmpeg:disable_all_hardware_accelerators=False\nffmpeg:disable_all_input_devices=False\nffmpeg:disable_all_muxers=False\nffmpeg:disable_all_output_devices=False\nffmpeg:disable_all_parsers=False\nffmpeg:disable_all_protocols=False\nffmpeg:disable_bitstream_filters=None\nffmpeg:disable_decoders=None\nffmpeg:disable_demuxers=None\nffmpeg:disable_encoders=None\nffmpeg:disable_everything=False\nffmpeg:disable_filters=None\nffmpeg:disable_hardware_accelerators=None\nffmpeg:disable_input_devices=None\nffmpeg:disable_muxers=None\nffmpeg:disable_output_devices=None\nffmpeg:disable_parsers=None\nffmpeg:disable_protocols=None\nffmpeg:enable_bitstream_filters=None\nffmpeg:enable_decoders=None\nffmpeg:enable_demuxers=None\nffmpeg:enable_encoders=None\nffmpeg:enable_filters=None\nffmpeg:enable_hardware_accelerators=None\nffmpeg:enable_input_devices=None\nffmpeg:enable_muxers=None\nffmpeg:enable_output_devices=None\nffmpeg:enable_parsers=None\nffmpeg:enable_protocols=None\nffmpeg:postproc=False\nffmpeg:shared=True\nffmpeg:swresample=True\nffmpeg:swscale=True\nffmpeg:with_asm=True\nffmpeg:with_bzip2=True\nffmpeg:with_freetype=True\nffmpeg:with_libalsa=True\nffmpeg:with_libfdk_aac=False\nffmpeg:with_libiconv=True\nffmpeg:with_libmp3lame=True\nffmpeg:with_libvpx=True\nffmpeg:with_libwebp=True\nffmpeg:with_libx264=False\nffmpeg:with_libx265=False\nffmpeg:with_lzma=True\nffmpeg:with_openh264=True\nffmpeg:with_openjpeg=True\nffmpeg:with_opus=True\nffmpeg:with_programs=True\nffmpeg:with_pulse=True\nffmpeg:with_sdl=False\nffmpeg:with_ssl=openssl\nffmpeg:with_vaapi=True\nffmpeg:with_vdpau=True\nffmpeg:with_vorbis=True\nffmpeg:with_vulkan=True\nffmpeg:with_xcb=True\nffmpeg:with_zeromq=False\nffmpeg:with_zlib=True\nflac:fPIC=True\nflac:shared=False\nfmt:fPIC=True\nfmt:header_only=False\nfmt:shared=False\nfmt:with_fmt_alias=False\nfmt:with_os_api=True\nfoonathan-lexy:fPIC=True\nfreetype:fPIC=True\nfreetype:shared=False\nfreetype:subpixel=False\nfreetype:with_brotli=True\nfreetype:with_bzip2=True\nfreetype:with_png=True\nfreetype:with_zlib=True\nlibalsa:disable_python=True\nlibalsa:fPIC=True\nlibalsa:shared=False\nlibbacktrace:fPIC=True\nlibbacktrace:shared=False\nlibcap:fPIC=True\nlibcap:psx_syscals=False\nlibcap:shared=False\nlibffi:fPIC=True\nlibffi:shared=False\nlibiconv:fPIC=True\nlibiconv:shared=False\nlibmp3lame:fPIC=True\nlibmp3lame:shared=False\nlibpng:api_prefix=\nlibpng:fPIC=True\nlibpng:shared=False\nlibpng:sse=True\nlibsndfile:experimental=False\nlibsndfile:fPIC=True\nlibsndfile:programs=True\nlibsndfile:shared=False\nlibsndfile:with_alsa=False\nlibsndfile:with_external_libs=True\nlibtool:fPIC=True\nlibtool:shared=False\nlibvpx:avx=False\nlibvpx:avx2=False\nlibvpx:avx512=False\nlibvpx:fPIC=True\nlibvpx:mmx=True\nlibvpx:shared=False\nlibvpx:sse=True\nlibvpx:sse2=True\nlibvpx:sse3=True\nlibvpx:sse4_1=True\nlibvpx:ssse3=True\nlibwebp:fPIC=True\nlibwebp:near_lossless=True\nlibwebp:shared=False\nlibwebp:swap_16bit_csp=False\nlibwebp:with_simd=True\nluajit:fPIC=True\nluajit:shared=False\nogg:fPIC=True\nogg:shared=False\nopenal:fPIC=True\nopenal:shared=False\nopenh264:fPIC=True\nopenh264:shared=False\nopenjpeg:build_codec=False\nopenjpeg:fPIC=True\nopenjpeg:shared=False\nopenssl:386=False\nopenssl:enable_weak_ssl_ciphers=False\nopenssl:fPIC=True\nopenssl:no_aria=False\nopenssl:no_asm=False\nopenssl:no_async=False\nopenssl:no_bf=False\nopenssl:no_blake2=False\nopenssl:no_camellia=False\nopenssl:no_cast=False\nopenssl:no_chacha=False\nopenssl:no_cms=False\nopenssl:no_comp=False\nopenssl:no_ct=False\nopenssl:no_deprecated=False\nopenssl:no_des=False\nopenssl:no_dgram=False\nopenssl:no_dh=False\nopenssl:no_dsa=False\nopenssl:no_dso=False\nopenssl:no_ec=False\nopenssl:no_ecdh=False\nopenssl:no_ecdsa=False\nopenssl:no_engine=False\nopenssl:no_filenames=False\nopenssl:no_gost=False\nopenssl:no_hmac=False\nopenssl:no_idea=False\nopenssl:no_md4=False\nopenssl:no_md5=False\nopenssl:no_mdc2=False\nopenssl:no_ocsp=False\nopenssl:no_pinshared=False\nopenssl:no_rc2=False\nopenssl:no_rfc3779=False\nopenssl:no_rmd160=False\nopenssl:no_rsa=False\nopenssl:no_seed=False\nopenssl:no_sha=False\nopenssl:no_sm2=False\nopenssl:no_sm3=False\nopenssl:no_sm4=False\nopenssl:no_sock=False\nopenssl:no_srp=False\nopenssl:no_srtp=False\nopenssl:no_sse2=False\nopenssl:no_ssl=False\nopenssl:no_ssl3=False\nopenssl:no_stdio=False\nopenssl:no_tests=False\nopenssl:no_threads=False\nopenssl:no_tls1=False\nopenssl:no_ts=False\nopenssl:no_whirlpool=False\nopenssl:openssldir=None\nopenssl:shared=False\nopus:fPIC=True\nopus:fixed_point=False\nopus:shared=False\npulseaudio:fPIC=True\npulseaudio:shared=False\npulseaudio:with_alsa=True\npulseaudio:with_dbus=False\npulseaudio:with_glib=False\npulseaudio:with_openssl=True\npulseaudio:with_x11=True\nsfml:audio=True\nsfml:fPIC=True\nsfml:graphics=True\nsfml:network=True\nsfml:shared=False\nsfml:window=True\nspdlog:fPIC=True\nspdlog:header_only=False\nspdlog:no_exceptions=False\nspdlog:shared=False\nspdlog:wchar_filenames=False\nspdlog:wchar_support=False\nsqlite3:build_executable=True\nsqlite3:disable_gethostuuid=False\nsqlite3:enable_column_metadata=True\nsqlite3:enable_dbpage_vtab=False\nsqlite3:enable_dbstat_vtab=False\nsqlite3:enable_default_secure_delete=False\nsqlite3:enable_default_vfs=True\nsqlite3:enable_explain_comments=False\nsqlite3:enable_fts3=False\nsqlite3:enable_fts3_parenthesis=False\nsqlite3:enable_fts4=False\nsqlite3:enable_fts5=False\nsqlite3:enable_json1=False\nsqlite3:enable_math_functions=True\nsqlite3:enable_preupdate_hook=False\nsqlite3:enable_rtree=True\nsqlite3:enable_soundex=False\nsqlite3:enable_unlock_notify=True\nsqlite3:fPIC=True\nsqlite3:max_blob_size=None\nsqlite3:max_column=None\nsqlite3:max_variable_number=None\nsqlite3:omit_deprecated=False\nsqlite3:omit_load_extension=False\nsqlite3:shared=False\nsqlite3:threadsafe=1\nsqlite3:use_alloca=False\nsqlitecpp:fPIC=True\nsqlitecpp:shared=False\nsqlitecpp:stack_protection=True\nstb:with_deprecated=True\nvorbis:fPIC=True\nvorbis:shared=False\nvulkan-loader:shared=True\nvulkan-loader:with_wsi_directfb=False\nvulkan-loader:with_wsi_wayland=True\nvulkan-loader:with_wsi_xcb=True\nvulkan-loader:with_wsi_xlib=True\nxz_utils:fPIC=True\nxz_utils:shared=False\nzlib:fPIC=True\nzlib:shared=False",
    "requires": [
     "1",
     "3",
     "5",
     "9",
     "10",
     "11",
     "13",
     "14",
     "26",
     "27",
     "29",
     "30",
     "6",
     "24",
     "51",
     "18",
     "52"
    ],
    "path": "conanfile.py",
    "context": "host"
   },
   "1": {
    "ref": "sol2/3.3.0",
    "options": "lua:compile_as_cpp=False\nlua:fPIC=True\nlua:shared=False",
    "package_id": "5ab84d6acfe1f23c4fae0ab88f26e3a396351ac9",
    "prev": "0",
    "requires": [
     "2"
    ],
    "context": "host"
   },
   "2": {
    "ref": "lua/5.4.4",
    "options": "compile_as_cpp=False\nfPIC=True\nshared=False",
    "package_id": "d13c97721d7bdc192ca6529684f2b79beeae8a7c",
    "prev": "0",
    "context": "host"
   },
   "3": {
    "ref": "sqlitecpp/3.1.1",
    "options": "fPIC=True\nshared=False\nstack_protection=True\nsqlite3:build_executable=True\nsqlite3:disable_gethostuuid=False\nsqlite3:enable_column_metadata=True\nsqlite3:enable_dbpage_vtab=False\nsqlite3:enable_dbstat_vtab=False\nsqlite3:enable_default_secure_delete=False\nsqlite3:enable_default_vfs=True\nsqlite3:enable_explain_comments=False\nsqlite3:enable_fts3=False\nsqlite3:enable_fts3_parenthesis=False\nsqlite3:enable_fts4=False\nsqlite3:enable_fts5=False\nsqlite3:enable_json1=False\nsqlite3:enable_math_functions=True\nsqlite3:enable_preupdate_hook=False\nsqlite3:enable_rtree=True\nsqlite3:enable_soundex=False\nsqlite3:enable_unlock_notify=True\nsqlite3:fPIC=True\nsqlite3:max_blob_size=None\nsqlite3:max_column=None\nsqlite3:max_variable_number=None\nsqlite3:omit_deprecated=False\nsqlite3:omit_load_extension=False\nsqlite3:shared=False\nsqlite3:threadsafe=1\nsqlite3:use_alloca=False",
    "package_id": "07edb47a886c224dfcbe7d7df487e4e73aa2ee6e",
    "prev": "0",
    "requires": [
     "4"
    ],
    "context": "host"
   },
   "4": {
    "ref": "sqlite3/3.40.0",
    "options": "build_executable=True\ndisable_gethostuuid=False\nenable_column_metadata=True\nenable_dbpage_vtab=False\nenable_dbstat_vtab=False\nenable_default_secure_delete=False\nenable_default_vfs=True\nenable_explain_comments=False\nenable_fts3=False\nenable_fts3_parenthesis=False\nenable_fts4=False\nenable_fts5=False\nenable_json1=False\nenable_math_functions=True\nenable_preupdate_hook=False\nenable_rtree=True\nenable_soundex=False\nenable_unlock_notify=True\nfPIC=True\nmax_blob_size=None\nmax_column=None\nmax_variable_number=None\nomit_deprecated=False\nomit_load_extension=False\nshared=False\nthreadsafe=1\nuse_alloca=False",
    "package_id": "423c3ee42011b37f8a7a6a2c28aa0edfab60ff4d",
    "prev": "0",
    "context": "host"
   },
   "5": {
    "ref": "boost/1.79.0",
    "options": "addr2line_location=/usr/bin/addr2line\nasio_no_deprecated=False\nbuildid=None\nbzip2=True\ndebug_level=0\ndiagnostic_definitions=False\nerror_code_header_only=False\nextra_b2_flags=None\nfPIC=True\nfilesystem_no_deprecated=False\nfilesystem_use_std_fs=False\nfilesystem_version=None\nheader_only=False\ni18n_backend=deprecated\ni18n_backend_iconv=libc\ni18n_backend_icu=False\nlayout=system\nlzma=False\nmagic_autolink=False\nmultithreading=True\nnamespace=boost\nnamespace_alias=False\nnuma=True\npch=True\npython_executable=None\npython_version=None\nsegmented_stacks=False\nshared=False\nsystem_no_deprecated=False\nsystem_use_utf8=False\nvisibility=hidden\nwith_stacktrace_backtrace=True\nwithout_atomic=False\nwithout_chrono=False\nwithout_container=False\nwithout_context=False\nwithout_contract=False\nwithout_coroutine=False\nwithout_date_time=False\nwithout_exception=False\nwithout_fiber=False\nwithout_filesystem=False\nwithout_graph=False\nwithout_graph_parallel=True\nwithout_iostreams=False\nwithout_json=False\nwithout_locale=False\nwithout_log=False\nwithout_math=False\nwithout_mpi=True\nwithout_nowide=False\nwithout_program_options=False\nwithout_python=True\nwithout_random=False\nwithout_regex=False\nwithout_serialization=False\nwithout_stacktrace=False\nwithout_system=False\nwithout_test=False\nwithout_thread=False\nwithout_timer=False\nwithout_type_erasure=False\nwithout_wave=False\nzlib=True\nzstd=False\nbzip2:build_executable=True\nbzip2:fPIC=True\nbzip2:shared=False\nlibbacktrace:fPIC=True\nlibbacktrace:shared=False\nzlib:fPIC=True\nzlib:shared=False",
    "package_id": "1c9eb5dc621aef544cb84a0233267d0dae6a659e",
    "prev": "0",
    "requires": [
     "6",
     "7",
     "8"
    ],
    "context": "host"
   },
   "6": {
    "ref": "zlib/1.2.13",
    "options": "fPIC=True\nshared=False",
    "package_id": "d13c97721d7bdc192ca6529684f2b79beeae8a7c",
    "prev": "0",
    "context": "host"
   },
   "7": {
    "ref": "bzip2/1.0.8",
    "options": "build_executable=True\nfPIC=True\nshared=False",
    "package_id": "ad18e1e856ff78d73ad6f3c9a214f85abf2d0550",
    "prev": "0",
    "context": "host"
   },
   "8": {
    "ref": "libbacktrace/cci.20210118",
    "options": "fPIC=True\nshared=False",
    "package_id": "d13c97721d7bdc192ca6529684f2b79beeae8a7c",
    "prev": "0",
    "context": "host"
   },
   "9": {
    "ref": "stb/cci.20210910",
    "options": "with_deprecated=True",
    "package_id": "5ab84d6acfe1f23c4fae0ab88f26e3a396351ac9",
    "prev": "0",
    "context": "host"
   },
   "10": {
    "ref": "ms-gsl/4.0.0",
    "options": "",
    "package_id": "5ab84d6acfe1f23c4fae0ab88f26e3a396351ac9",
    "prev": "0",
    "context": "host"
   },
   "11": {
    "ref": "type_safe/0.2.2",
    "options": "",
    "package_id": "5ab84d6acfe1f23c4fae0ab88f26e3a396351ac9",
    "prev": "0",
    "requires": [
     "12"
    ],
    "context": "host"
   },
   "12": {
    "ref": "debug_assert/1.3.3",
    "options": "",
    "package_id": "5ab84d6acfe1f23c4fae0ab88f26e3a396351ac9",
    "prev": "0",
    "context": "host"
   },
   "13": {
    "ref": "luajit/2.0.5",
    "options": "fPIC=True\nshared=False",
    "package_id": "d13c97721d7bdc192ca6529684f2b79beeae8a7c",
    "prev": "0",
    "context": "host"
   },
   "14": {
    "ref": "sfml/2.5.1",
    "options": "audio=True\nfPIC=True\ngraphics=True\nnetwork=True\nshared=False\nwindow=True\nbrotli:enable_debug=False\nbrotli:enable_log=False\nbrotli:enable_portable=False\nbrotli:enable_rbit=True\nbrotli:endianness=None\nbrotli:fPIC=True\nbrotli:shared=False\nbrotli:target_bits=None\nbzip2:build_executable=True\nbzip2:fPIC=True\nbzip2:shared=False\nflac:fPIC=True\nflac:shared=False\nfreetype:fPIC=True\nfreetype:shared=False\nfreetype:subpixel=False\nfreetype:with_brotli=True\nfreetype:with_bzip2=True\nfreetype:with_png=True\nfreetype:with_zlib=True\nlibalsa:disable_python=True\nlibalsa:fPIC=True\nlibalsa:shared=False\nlibpng:api_prefix=\nlibpng:fPIC=True\nlibpng:shared=False\nlibpng:sse=True\nogg:fPIC=True\nogg:shared=False\nopenal:fPIC=True\nopenal:shared=False\nstb:with_deprecated=True\nvorbis:fPIC=True\nvorbis:shared=False\nzlib:fPIC=True\nzlib:shared=False",
    "package_id": "8c725b9a48d15986d670001801d4f5f3c09d097d",
    "prev": "0",
    "modified": true,
    "requires": [
     "15",
     "16",
     "17",
     "18",
     "9",
     "21",
     "23",
     "25"
    ],
    "context": "host"
   },
   "15": {
    "ref": "opengl/system",
    "options": "",
    "package_id": "5ab84d6acfe1f23c4fae0ab88f26e3a396351ac9",
    "prev": "0",
    "context": "host"
   },
   "16": {
    "ref": "libudev/system",
    "options": "",
    "package_id": "5ab84d6acfe1f23c4fae0ab88f26e3a396351ac9",
    "prev": "0",
    "context": "host"
   },
   "17": {
    "ref": "xorg/system",
    "options": "",
    "package_id": "5ab84d6acfe1f23c4fae0ab88f26e3a396351ac9",
    "prev": "0",
    "context": "host"
   },
   "18": {
    "ref": "freetype/2.12.1",
    "options": "fPIC=True\nshared=False\nsubpixel=False\nwith_brotli=True\nwith_bzip2=True\nwith_png=True\nwith_zlib=True\nbrotli:enable_debug=False\nbrotli:enable_log=False\nbrotli:enable_portable=False\nbrotli:enable_rbit=True\nbrotli:endianness=None\nbrotli:fPIC=True\nbrotli:shared=False\nbrotli:target_bits=None\nbzip2:build_executable=True\nbzip2:fPIC=True\nbzip2:shared=False\nlibpng:api_prefix=\nlibpng:fPIC=True\nlibpng:shared=False\nlibpng:sse=True\nzlib:fPIC=True\nzlib:shared=False",
    "package_id": "56e097ea75d61915d9669e57839a1be17facbb06",
    "prev": "0",
    "requires": [
     "19",
     "6",
     "7",
     "20"
    ],
    "context": "host"
   },
   "19": {
    "ref": "libpng/1.6.39",
    "options": "api_prefix=\nfPIC=True\nshared=False\nsse=True\nzlib:fPIC=True\nzlib:shared=False",
    "package_id": "4c328c90f20afba7214fd1730e20f318c27e7964",
    "prev": "0",
    "requires": [
     "6"
    ],
    "context": "host"
   },
   "20": {
    "ref": "brotli/1.0.9",
    "options": "enable_debug=False\nenable_log=False\nenable_portable=False\nenable_rbit=True\nendianness=None\nfPIC=True\nshared=False\ntarget_bits=None",
    "package_id": "4879f27bf128b2d43deb204671742e45ff21472d",
    "prev": "0",
    "context": "host"
   },
   "21": {
    "ref": "flac/1.3.3",
    "options": "fPIC=True\nshared=False\nogg:fPIC=True\nogg:shared=False",
    "package_id": "5283c87d9a927bcde1e533204bdb3f55bb57dae4",
    "prev": "0",
    "requires": [
     "22"
    ],
    "context": "host"
   },
   "22": {
    "ref": "ogg/1.3.5",
    "options": "fPIC=True\nshared=False",
    "package_id": "d13c97721d7bdc192ca6529684f2b79beeae8a7c",
    "prev": "0",
    "context": "host"
   },
   "23": {
    "ref": "openal/1.22.2",
    "options": "fPIC=True\nshared=False\nlibalsa:disable_python=True\nlibalsa:fPIC=True\nlibalsa:shared=False",
    "package_id": "3206e3113fd27a3cbcd8a3d9cf33d7828855b9ec",
    "prev": "0",
    "modified": true,
    "requires": [
     "24"
    ],
    "context": "host"
   },
   "24": {
    "ref": "libalsa/1.2.7.2",
    "options": "disable_python=True\nfPIC=True\nshared=False",
    "package_id": "e01c0e0863dd806686e29ee6cd2b7479763e9f6d",
    "prev": "0",
    "context": "host"
   },
   "25": {
    "ref": "vorbis/1.3.7",
    "options": "fPIC=True\nshared=False\nogg:fPIC=True\nogg:shared=False",
    "package_id": "f692c4ba9c4f7620ed1dc82ed4b766f983d34058",
    "prev": "0",
    "requires": [
     "22"
    ],
    "context": "host"
   },
   "26": {
    "ref": "di/1.2.0",
    "options": "diagnostics_level=1\nwith_extensions=False",
    "package_id": "5ab84d6acfe1f23c4fae0ab88f26e3a396351ac9",
    "prev": "0",
    "context": "host"
   },
   "27": {
    "ref": "spdlog/1.11.0",
    "options": "fPIC=True\nheader_only=False\nno_exceptions=False\nshared=False\nwchar_filenames=False\nwchar_support=False\nfmt:fPIC=True\nfmt:header_only=False\nfmt:shared=False\nfmt:with_fmt_alias=False\nfmt:with_os_api=True",
    "package_id": "a280fc3f8be23abe28a183333f4c18332536be09",
    "prev": "0",
    "requires": [
     "28"
    ],
    "context": "host"
   },
   "28": {
    "ref": "fmt/9.1.0",
    "options": "fPIC=True\nheader_only=False\nshared=False\nwith_fmt_alias=False\nwith_os_api=True",
    "package_id": "e0e003fc38e6dcc03cdfbaf52057d71baa23adad",
    "prev": "0",
    "context": "host"
   },
   "29": {
    "ref": "foonathan-lexy/2022.12.00",
    "options": "fPIC=True",
    "package_id": "071470b18c728723c20969eb9ab7b271a4a0ef59",
    "prev": "0",
    "context": "host"
   },
   "30": {
    "ref": "ffmpeg/5.0",
    "options": "avcodec=True\navdevice=True\navfilter=True\navformat=True\ndisable_all_bitstream_filters=False\ndisable_all_decoders=False\ndisable_all_demuxers=False\ndisable_all_devices=False\ndisable_all_encoders=False\ndisable_all_filters=False\ndisable_all_hardware_accelerators=False\ndisable_all_input_devices=False\ndisable_all_muxers=False\ndisable_all_output_devices=False\ndisable_all_parsers=False\ndisable_all_protocols=False\ndisable_bitstream_filters=None\ndisable_decoders=None\ndisable_demuxers=None\ndisable_encoders=None\ndisable_everything=False\ndisable_filters=None\ndisable_hardware_accelerators=None\ndisable_input_devices=None\ndisable_muxers=None\ndisable_output_devices=None\ndisable_parsers=None\ndisable_protocols=None\nenable_bitstream_filters=None\nenable_decoders=None\nenable_demuxers=None\nenable_encoders=None\nenable_filters=None\nenable_hardware_accelerators=None\nenable_input_devices=None\nenable_muxers=None\nenable_output_devices=None\nenable_parsers=None\nenable_protocols=None\npostproc=False\nshared=True\nswresample=True\nswscale=True\nwith_asm=True\nwith_bzip2=True\nwith_freetype=True\nwith_libalsa=True\nwith_libfdk_aac=False\nwith_libiconv=True\nwith_libmp3lame=True\nwith_libvpx=True\nwith_libwebp=True\nwith_libx264=False\nwith_libx265=False\nwith_lzma=True\nwith_openh264=True\nwith_openjpeg=True\nwith_opus=True\nwith_programs=True\nwith_pulse=True\nwith_sdl=False\nwith_ssl=openssl\nwith_vaapi=True\nwith_vdpau=True\nwith_vorbis=True\nwith_vulkan=True\nwith_xcb=True\nwith_zeromq=False\nwith_zlib=True\nbrotli:enable_debug=False\nbrotli:enable_log=False\nbrotli:enable_portable=False\nbrotli:enable_rbit=True\nbrotli:endianness=None\nbrotli:fPIC=True\nbrotli:shared=False\nbrotli:target_bits=None\nbzip2:build_executable=True\nbzip2:fPIC=True\nbzip2:shared=False\nflac:fPIC=True\nflac:shared=False\nfreetype:fPIC=True\nfreetype:shared=False\nfreetype:subpixel=False\nfreetype:with_brotli=True\nfreetype:with_bzip2=True\nfreetype:with_png=True\nfreetype:with_zlib=True\nlibalsa:disable_python=True\nlibalsa:fPIC=True\nlibalsa:shared=False\nlibcap:fPIC=True\nlibcap:psx_syscals=False\nlibcap:shared=False\nlibiconv:fPIC=True\nlibiconv:shared=False\nlibmp3lame:fPIC=True\nlibmp3lame:shared=False\nlibpng:api_prefix=\nlibpng:fPIC=True\nlibpng:shared=False\nlibpng:sse=True\nlibsndfile:experimental=False\nlibsndfile:fPIC=True\nlibsndfile:programs=True\nlibsndfile:shared=False\nlibsndfile:with_alsa=False\nlibsndfile:with_external_libs=True\nlibtool:fPIC=True\nlibtool:shared=False\nlibvpx:avx=False\nlibvpx:avx2=False\nlibvpx:avx512=False\nlibvpx:fPIC=True\nlibvpx:mmx=True\nlibvpx:shared=False\nlibvpx:sse=True\nlibvpx:sse2=True\nlibvpx:sse3=True\nlibvpx:sse4_1=True\nlibvpx:ssse3=True\nlibwebp:fPIC=True\nlibwebp:near_lossless=True\nlibwebp:shared=False\nlibwebp:swap_16bit_csp=False\nlibwebp:with_simd=True\nogg:fPIC=True\nogg:shared=False\nopenh264:fPIC=True\nopenh264:shared=False\nopenjpeg:build_codec=False\nopenjpeg:fPIC=True\nopenjpeg:shared=False\nopenssl:386=False\nopenssl:enable_weak_ssl_ciphers=False\nopenssl:fPIC=True\nopenssl:no_aria=False\nopenssl:no_asm=False\nopenssl:no_async=False\nopenssl:no_bf=False\nopenssl:no_blake2=False\nopenssl:no_camellia=False\nopenssl:no_cast=False\nopenssl:no_chacha=False\nopenssl:no_cms=False\nopenssl:no_comp=False\nopenssl:no_ct=False\nopenssl:no_deprecated=False\nopenssl:no_des=False\nopenssl:no_dgram=False\nopenssl:no_dh=False\nopenssl:no_dsa=False\nopenssl:no_dso=False\nopenssl:no_ec=False\nopenssl:no_ecdh=False\nopenssl:no_ecdsa=False\nopenssl:no_engine=False\nopenssl:no_filenames=False\nopenssl:no_gost=False\nopenssl:no_hmac=False\nopenssl:no_idea=False\nopenssl:no_md4=False\nopenssl:no_md5=False\nopenssl:no_mdc2=False\nopenssl:no_ocsp=False\nopenssl:no_pinshared=False\nopenssl:no_rc2=False\nopenssl:no_rfc3779=False\nopenssl:no_rmd160=False\nopenssl:no_rsa=False\nopenssl:no_seed=False\nopenssl:no_sha=False\nopenssl:no_sm2=False\nopenssl:no_sm3=False\nopenssl:no_sm4=False\nopenssl:no_sock=False\nopenssl:no_srp=False\nopenssl:no_srtp=False\nopenssl:no_sse2=False\nopenssl:no_ssl=False\nopenssl:no_ssl3=False\nopenssl:no_stdio=False\nopenssl:no_tests=False\nopenssl:no_threads=False\nopenssl:no_tls1=False\nopenssl:no_ts=False\nopenssl:no_whirlpool=False\nopenssl:openssldir=None\nopenssl:shared=False\nopus:fPIC=True\nopus:fixed_point=False\nopus:shared=False\npulseaudio:fPIC=True\npulseaudio:shared=False\npulseaudio:with_alsa=True\npulseaudio:with_dbus=False\npulseaudio:with_glib=False\npulseaudio:with_openssl=True\npulseaudio:with_x11=True\nvorbis:fPIC=True\nvorbis:shared=False\nvulkan-loader:shared=True\nvulkan-loader:with_wsi_directfb=False\nvulkan-loader:with_wsi_wayland=True\nvulkan-loader:with_wsi_xcb=True\nvulkan-loader:with_wsi_xlib=True\nxz_utils:fPIC=True\nxz_utils:shared=False\nzlib:fPIC=True\nzlib:shared=False",
    "package_id": "4dc8aeb0c41c1f82f638ecd8b1e37fb6f54b8c91",
    "prev": "0",
    "requires": [
     "6",
     "7",
     "31",
     "32",
     "18",
     "33",
     "34",
     "25",
     "35",
     "36",
     "37",
     "38",
     "39",
     "24",
     "17",
     "40",
     "47",
     "48",
     "49"
    ],
    "context": "host"
   },
   "31": {
    "ref": "xz_utils/5.2.5",
    "options": "fPIC=True\nshared=False",
    "package_id": "d13c97721d7bdc192ca6529684f2b79beeae8a7c",
    "prev": "0",
    "context": "host"
   },
   "32": {
    "ref": "libiconv/1.17",
    "options": "fPIC=True\nshared=False",
    "package_id": "d13c97721d7bdc192ca6529684f2b79beeae8a7c",
    "prev": "0",
    "context": "host"
   },
   "33": {
    "ref": "openjpeg/2.5.0",
    "options": "build_codec=False\nfPIC=True\nshared=False",
    "package_id": "d13c97721d7bdc192ca6529684f2b79beeae8a7c",
    "prev": "0",
    "context": "host"
   },
   "34": {
    "ref": "openh264/2.1.1",
    "options": "fPIC=True\nshared=False",
    "package_id": "071470b18c728723c20969eb9ab7b271a4a0ef59",
    "prev": "0",
    "context": "host"
   },
   "35": {
    "ref": "opus/1.3.1",
    "options": "fPIC=True\nfixed_point=False\nshared=False",
    "package_id": "d13c97721d7bdc192ca6529684f2b79beeae8a7c",
    "prev": "0",
    "context": "host"
   },
   "36": {
    "ref": "libvpx/1.11.0",
    "options": "avx=False\navx2=False\navx512=False\nfPIC=True\nmmx=True\nshared=False\nsse=True\nsse2=True\nsse3=True\nsse4_1=True\nssse3=True",
    "package_id": "3fe1946f88f58a1982d579a6bead38391f43dba8",
    "prev": "0",
    "context": "host"
   },
   "37": {
    "ref": "libmp3lame/3.100",
    "options": "fPIC=True\nshared=False",
    "package_id": "d13c97721d7bdc192ca6529684f2b79beeae8a7c",
    "prev": "0",
    "context": "host"
   },
   "38": {
    "ref": "libwebp/1.2.4",
    "options": "fPIC=True\nnear_lossless=True\nshared=False\nswap_16bit_csp=False\nwith_simd=True",
    "package_id": "3454cb80dacb69d4c43767b23f3a486be4fc6918",
    "prev": "0",
    "context": "host"
   },
   "39": {
    "ref": "openssl/1.1.1s",
    "options": "386=False\nenable_weak_ssl_ciphers=False\nfPIC=True\nno_aria=False\nno_asm=False\nno_async=False\nno_bf=False\nno_blake2=False\nno_camellia=False\nno_cast=False\nno_chacha=False\nno_cms=False\nno_comp=False\nno_ct=False\nno_deprecated=False\nno_des=False\nno_dgram=False\nno_dh=False\nno_dsa=False\nno_dso=False\nno_ec=False\nno_ecdh=False\nno_ecdsa=False\nno_engine=False\nno_filenames=False\nno_gost=False\nno_hmac=False\nno_idea=False\nno_md4=False\nno_md5=False\nno_mdc2=False\nno_ocsp=False\nno_pinshared=False\nno_rc2=False\nno_rfc3779=False\nno_rmd160=False\nno_rsa=False\nno_seed=False\nno_sha=False\nno_sm2=False\nno_sm3=False\nno_sm4=False\nno_sock=False\nno_srp=False\nno_srtp=False\nno_sse2=False\nno_ssl=False\nno_ssl3=False\nno_stdio=False\nno_tests=False\nno_threads=False\nno_tls1=False\nno_ts=False\nno_whirlpool=False\nopenssldir=None\nshared=False",
    "package_id": "d13c97721d7bdc192ca6529684f2b79beeae8a7c",
    "prev": "0",
    "context": "host"
   },
   "40": {
    "ref": "pulseaudio/14.2",
    "options": "fPIC=True\nshared=False\nwith_alsa=True\nwith_dbus=False\nwith_glib=False\nwith_openssl=True\nwith_x11=True\nflac:fPIC=True\nflac:shared=False\nlibalsa:disable_python=True\nlibalsa:fPIC=True\nlibalsa:shared=False\nlibcap:fPIC=True\nlibcap:psx_syscals=False\nlibcap:shared=False\nlibiconv:fPIC=True\nlibiconv:shared=False\nlibsndfile:experimental=False\nlibsndfile:fPIC=True\nlibsndfile:programs=True\nlibsndfile:shared=False\nlibsndfile:with_alsa=False\nlibsndfile:with_external_libs=True\nlibtool:fPIC=True\nlibtool:shared=False\nogg:fPIC=True\nogg:shared=False\nopenssl:386=False\nopenssl:enable_weak_ssl_ciphers=False\nopenssl:fPIC=True\nopenssl:no_aria=False\nopenssl:no_asm=False\nopenssl:no_async=False\nopenssl:no_bf=False\nopenssl:no_blake2=False\nopenssl:no_camellia=False\nopenssl:no_cast=False\nopenssl:no_chacha=False\nopenssl:no_cms=False\nopenssl:no_comp=False\nopenssl:no_ct=False\nopenssl:no_deprecated=False\nopenssl:no_des=False\nopenssl:no_dgram=False\nopenssl:no_dh=False\nopenssl:no_dsa=False\nopenssl:no_dso=False\nopenssl:no_ec=False\nopenssl:no_ecdh=False\nopenssl:no_ecdsa=False\nopenssl:no_engine=False\nopenssl:no_filenames=False\nopenssl:no_gost=False\nopenssl:no_hmac=False\nopenssl:no_idea=False\nopenssl:no_md4=False\nopenssl:no_md5=False\nopenssl:no_mdc2=False\nopenssl:no_ocsp=False\nopenssl:no_pinshared=False\nopenssl:no_rc2=False\nopenssl:no_rfc3779=False\nopenssl:no_rmd160=False\nopenssl:no_rsa=False\nopenssl:no_seed=False\nopenssl:no_sha=False\nopenssl:no_sm2=False\nopenssl:no_sm3=False\nopenssl:no_sm4=False\nopenssl:no_sock=False\nopenssl:no_srp=False\nopenssl:no_srtp=False\nopenssl:no_sse2=False\nopenssl:no_ssl=False\nopenssl:no_ssl3=False\nopenssl:no_stdio=False\nopenssl:no_tests=False\nopenssl:no_threads=False\nopenssl:no_tls1=False\nopenssl:no_ts=False\nopenssl:no_whirlpool=False\nopenssl:openssldir=None\nopenssl:shared=False\nopus:fPIC=True\nopus:fixed_point=False\nopus:shared=False\nvorbis:fPIC=True\nvorbis:shared=False",
    "package_id": "b297644c74144cc649988b5c7507a26c2ab8b2d0",
    "prev": "0",
    "requires": [
     "32",
     "41",
     "42",
     "43",
     "24",
     "17",
     "39"
    ],
    "context": "host"
   },
   "41": {
    "ref": "libsndfile/1.0.31",
    "options": "experimental=False\nfPIC=True\nprograms=True\nshared=False\nwith_alsa=False\nwith_external_libs=True\nflac:fPIC=True\nflac:shared=False\nogg:fPIC=True\nogg:shared=False\nopus:fPIC=True\nopus:fixed_point=False\nopus:shared=False\nvorbis:fPIC=True\nvorbis:shared=False",
    "package_id": "044e161ad0d7157ac552db4d1dcb87616e752288",
    "prev": "0",
    "requires": [
     "22",
     "25",
     "21",
     "35"
    ],
    "context": "host"
   },
   "42": {
    "ref": "libcap/2.65",
    "options": "fPIC=True\npsx_syscals=False\nshared=False",
    "package_id": "d13c97721d7bdc192ca6529684f2b79beeae8a7c",
    "prev": "0",
    "context": "host"
   },
   "43": {
    "ref": "libtool/2.4.7",
    "options": "fPIC=True\nshared=False",
    "package_id": "87887b83a716acb0d7689f12705d83449533a7bc",
    "prev": "0",
    "requires": [
     "44"
    ],
    "context": "host"
   },
   "44": {
    "ref": "automake/1.16.5",
    "options": "",
    "package_id": "258f6f05ca54813b3d7180161753df7f9ccf7e1d",
    "prev": "0",
    "requires": [
     "45"
    ],
    "context": "host"
   },
   "45": {
    "ref": "autoconf/2.71",
    "options": "",
    "package_id": "5ab84d6acfe1f23c4fae0ab88f26e3a396351ac9",
    "prev": "0",
    "requires": [
     "46"
    ],
    "context": "host"
   },
   "46": {
    "ref": "m4/1.4.19",
    "options": "",
    "package_id": "cc9f9b2b9f92fc82888026414560bf79d8c3a052",
    "prev": "0",
    "context": "host"
   },
   "47": {
    "ref": "vaapi/system",
    "options": "",
    "package_id": "5ab84d6acfe1f23c4fae0ab88f26e3a396351ac9",
    "prev": "0",
    "context": "host"
   },
   "48": {
    "ref": "vdpau/system",
    "options": "",
    "package_id": "5ab84d6acfe1f23c4fae0ab88f26e3a396351ac9",
    "prev": "0",
    "context": "host"
   },
   "49": {
    "ref": "vulkan-loader/1.3.231.1",
    "options": "shared=True\nwith_wsi_directfb=False\nwith_wsi_wayland=True\nwith_wsi_xcb=True\nwith_wsi_xlib=True",
    "package_id": "39dc7f140234c0bea2e8eaa6278bbf8020e83138",
    "prev": "0",
    "requires": [
     "50",
     "17"
    ],
    "context": "host"
   },
   "50": {
    "ref": "vulkan-headers/1.3.231.1",
    "options": "",
    "package_id": "5ab84d6acfe1f23c4fae0ab88f26e3a396351ac9",
    "prev": "0",
    "context": "host"
   },
   "51": {
    "ref": "libffi/3.4.3",
    "options": "fPIC=True\nshared=False",
    "package_id": "d13c97721d7bdc192ca6529684f2b79beeae8a7c",
    "prev": "0",
    "context": "host"
   },
   "52": {
    "ref": "catch2/3.0.1",
    "options": "console_width=80\ndefault_reporter=None\nfPIC=True\nshared=False\nwith_prefix=False",
    "package_id": "6b952e07b144105007d6beb6165b6d6b25ff4787",
    "prev": "0",
    "context": "host"
   }
  },
  "revisions_enabled": false
 },
 "version": "0.4",
 "profile_host": "[settings]\narch=x86_64\narch_build=x86_64\nbuild_type=Debug\ncompiler=gcc\ncompiler.libcxx=libstdc++\ncompiler.version=12\nos=Linux\nos_build=Linux\n[options]\n[build_requires]\n[env]\n"
}