{
 "graph_lock": {
  "nodes": {
   "0": {
    "options": "boost:addr2line_location=/usr/bin/addr2line\nboost:asio_no_deprecated=False\nboost:buildid=None\nboost:bzip2=True\nboost:debug_level=0\nboost:diagnostic_definitions=False\nboost:error_code_header_only=False\nboost:extra_b2_flags=None\nboost:fPIC=True\nboost:filesystem_no_deprecated=False\nboost:filesystem_version=None\nboost:header_only=False\nboost:i18n_backend=deprecated\nboost:i18n_backend_iconv=libc\nboost:i18n_backend_icu=False\nboost:layout=system\nboost:lzma=False\nboost:magic_autolink=False\nboost:multithreading=True\nboost:namespace=boost\nboost:namespace_alias=False\nboost:numa=True\nboost:pch=True\nboost:python_executable=None\nboost:python_version=None\nboost:segmented_stacks=False\nboost:shared=False\nboost:system_no_deprecated=False\nboost:system_use_utf8=False\nboost:visibility=hidden\nboost:with_stacktrace_backtrace=True\nboost:without_atomic=False\nboost:without_chrono=False\nboost:without_container=False\nboost:without_context=False\nboost:without_contract=False\nboost:without_coroutine=False\nboost:without_date_time=False\nboost:without_exception=False\nboost:without_fiber=False\nboost:without_filesystem=False\nboost:without_graph=False\nboost:without_graph_parallel=True\nboost:without_iostreams=False\nboost:without_json=False\nboost:without_locale=False\nboost:without_log=False\nboost:without_math=False\nboost:without_mpi=True\nboost:without_nowide=False\nboost:without_program_options=False\nboost:without_python=True\nboost:without_random=False\nboost:without_regex=False\nboost:without_serialization=False\nboost:without_stacktrace=False\nboost:without_system=False\nboost:without_test=False\nboost:without_thread=False\nboost:without_timer=False\nboost:without_type_erasure=False\nboost:without_wave=False\nboost:zlib=True\nboost:zstd=False\nbrotli:enable_debug=False\nbrotli:enable_log=False\nbrotli:enable_portable=False\nbrotli:enable_rbit=True\nbrotli:endianness=None\nbrotli:fPIC=True\nbrotli:shared=False\nbrotli:target_bits=None\nbzip2:build_executable=True\nbzip2:fPIC=True\nbzip2:shared=False\ncatch2:default_reporter=None\ncatch2:fPIC=True\ncatch2:shared=False\ncatch2:with_prefix=False\ndi:diagnostics_level=1\ndi:with_extensions=False\nflac:fPIC=True\nflac:shared=False\nfmt:fPIC=True\nfmt:header_only=False\nfmt:shared=False\nfmt:with_fmt_alias=False\nfmt:with_os_api=True\nfreetype:fPIC=True\nfreetype:shared=False\nfreetype:subpixel=False\nfreetype:with_brotli=True\nfreetype:with_bzip2=True\nfreetype:with_png=True\nfreetype:with_zlib=True\nlibalsa:disable_python=True\nlibalsa:fPIC=True\nlibalsa:shared=False\nlibbacktrace:fPIC=True\nlibbacktrace:shared=False\nlibpng:api_prefix=\nlibpng:fPIC=True\nlibpng:shared=False\nlibpng:sse=True\nluajit:fPIC=True\nluajit:shared=False\nogg:fPIC=True\nogg:shared=False\nopenal:fPIC=True\nopenal:shared=False\nsfml:audio=True\nsfml:fPIC=True\nsfml:graphics=True\nsfml:network=True\nsfml:shared=False\nsfml:window=True\nspdlog:fPIC=True\nspdlog:header_only=False\nspdlog:no_exceptions=False\nspdlog:shared=False\nspdlog:wchar_filenames=False\nspdlog:wchar_support=False\nsqlite3:build_executable=True\nsqlite3:disable_gethostuuid=False\nsqlite3:enable_column_metadata=True\nsqlite3:enable_dbpage_vtab=False\nsqlite3:enable_dbstat_vtab=False\nsqlite3:enable_default_secure_delete=False\nsqlite3:enable_default_vfs=True\nsqlite3:enable_explain_comments=False\nsqlite3:enable_fts3=False\nsqlite3:enable_fts3_parenthesis=False\nsqlite3:enable_fts4=False\nsqlite3:enable_fts5=False\nsqlite3:enable_json1=False\nsqlite3:enable_math_functions=True\nsqlite3:enable_preupdate_hook=False\nsqlite3:enable_rtree=True\nsqlite3:enable_soundex=False\nsqlite3:enable_unlock_notify=True\nsqlite3:fPIC=True\nsqlite3:max_blob_size=None\nsqlite3:max_column=None\nsqlite3:max_variable_number=None\nsqlite3:omit_deprecated=False\nsqlite3:omit_load_extension=False\nsqlite3:shared=False\nsqlite3:threadsafe=1\nsqlite3:use_alloca=False\nsqlitecpp:fPIC=True\nsqlitecpp:shared=False\nsqlitecpp:stack_protection=True\nstb:with_deprecated=True\ntaocpp-pegtl:boost_filesystem=False\nvorbis:fPIC=True\nvorbis:shared=False\nzlib:fPIC=True\nzlib:shared=False",
    "requires": [
     "1",
     "3",
     "5",
     "9",
     "10",
     "11",
     "12",
     "14",
     "15",
     "27",
     "28",
     "30"
    ],
    "build_requires": [
     "31"
    ],
    "path": "conanfile.py",
    "context": "host"
   },
   "1": {
    "ref": "sol2/3.3.0#0",
    "options": "lua:compile_as_cpp=False\nlua:fPIC=True\nlua:shared=False",
    "package_id": "5ab84d6acfe1f23c4fae0ab88f26e3a396351ac9",
    "prev": "0",
    "requires": [
     "2"
    ],
    "context": "host"
   },
   "2": {
    "ref": "lua/5.4.4#0",
    "options": "compile_as_cpp=False\nfPIC=True\nshared=False",
    "package_id": "be27726f9885116da1158027505be62e913cd585",
    "prev": "0",
    "context": "host"
   },
   "3": {
    "ref": "sqlitecpp/3.1.1#0",
    "options": "fPIC=True\nshared=False\nstack_protection=True\nsqlite3:build_executable=True\nsqlite3:disable_gethostuuid=False\nsqlite3:enable_column_metadata=True\nsqlite3:enable_dbpage_vtab=False\nsqlite3:enable_dbstat_vtab=False\nsqlite3:enable_default_secure_delete=False\nsqlite3:enable_default_vfs=True\nsqlite3:enable_explain_comments=False\nsqlite3:enable_fts3=False\nsqlite3:enable_fts3_parenthesis=False\nsqlite3:enable_fts4=False\nsqlite3:enable_fts5=False\nsqlite3:enable_json1=False\nsqlite3:enable_math_functions=True\nsqlite3:enable_preupdate_hook=False\nsqlite3:enable_rtree=True\nsqlite3:enable_soundex=False\nsqlite3:enable_unlock_notify=True\nsqlite3:fPIC=True\nsqlite3:max_blob_size=None\nsqlite3:max_column=None\nsqlite3:max_variable_number=None\nsqlite3:omit_deprecated=False\nsqlite3:omit_load_extension=False\nsqlite3:shared=False\nsqlite3:threadsafe=1\nsqlite3:use_alloca=False",
    "package_id": "f744e25a17defcaba35dd821f9abc83d62b2a300",
    "prev": "0",
    "requires": [
     "4"
    ],
    "context": "host"
   },
   "4": {
    "ref": "sqlite3/3.39.3#0",
    "options": "build_executable=True\ndisable_gethostuuid=False\nenable_column_metadata=True\nenable_dbpage_vtab=False\nenable_dbstat_vtab=False\nenable_default_secure_delete=False\nenable_default_vfs=True\nenable_explain_comments=False\nenable_fts3=False\nenable_fts3_parenthesis=False\nenable_fts4=False\nenable_fts5=False\nenable_json1=False\nenable_math_functions=True\nenable_preupdate_hook=False\nenable_rtree=True\nenable_soundex=False\nenable_unlock_notify=True\nfPIC=True\nmax_blob_size=None\nmax_column=None\nmax_variable_number=None\nomit_deprecated=False\nomit_load_extension=False\nshared=False\nthreadsafe=1\nuse_alloca=False",
    "package_id": "0a79a8c00509ac94d8a0a57b7da1df9f2a301aef",
    "prev": "0",
    "context": "host"
   },
   "5": {
    "ref": "boost/1.79.0#0",
    "options": "addr2line_location=/usr/bin/addr2line\nasio_no_deprecated=False\nbuildid=None\nbzip2=True\ndebug_level=0\ndiagnostic_definitions=False\nerror_code_header_only=False\nextra_b2_flags=None\nfPIC=True\nfilesystem_no_deprecated=False\nfilesystem_version=None\nheader_only=False\ni18n_backend=deprecated\ni18n_backend_iconv=libc\ni18n_backend_icu=False\nlayout=system\nlzma=False\nmagic_autolink=False\nmultithreading=True\nnamespace=boost\nnamespace_alias=False\nnuma=True\npch=True\npython_executable=None\npython_version=None\nsegmented_stacks=False\nshared=False\nsystem_no_deprecated=False\nsystem_use_utf8=False\nvisibility=hidden\nwith_stacktrace_backtrace=True\nwithout_atomic=False\nwithout_chrono=False\nwithout_container=False\nwithout_context=False\nwithout_contract=False\nwithout_coroutine=False\nwithout_date_time=False\nwithout_exception=False\nwithout_fiber=False\nwithout_filesystem=False\nwithout_graph=False\nwithout_graph_parallel=True\nwithout_iostreams=False\nwithout_json=False\nwithout_locale=False\nwithout_log=False\nwithout_math=False\nwithout_mpi=True\nwithout_nowide=False\nwithout_program_options=False\nwithout_python=True\nwithout_random=False\nwithout_regex=False\nwithout_serialization=False\nwithout_stacktrace=False\nwithout_system=False\nwithout_test=False\nwithout_thread=False\nwithout_timer=False\nwithout_type_erasure=False\nwithout_wave=False\nzlib=True\nzstd=False\nbzip2:build_executable=True\nbzip2:fPIC=True\nbzip2:shared=False\nlibbacktrace:fPIC=True\nlibbacktrace:shared=False\nzlib:fPIC=True\nzlib:shared=False",
    "package_id": "fb79f387bfd721655dc9bd01764e2c1fb2c4756d",
    "prev": "0",
    "requires": [
     "6",
     "7",
     "8"
    ],
    "context": "host"
   },
   "6": {
    "ref": "zlib/1.2.12#0",
    "options": "fPIC=True\nshared=False",
    "package_id": "be27726f9885116da1158027505be62e913cd585",
    "prev": "0",
    "context": "host"
   },
   "7": {
    "ref": "bzip2/1.0.8#0",
    "options": "build_executable=True\nfPIC=True\nshared=False",
    "package_id": "76bd63d0cd275bc555bda09b7f93740254ba3515",
    "prev": "0",
    "context": "host"
   },
   "8": {
    "ref": "libbacktrace/cci.20210118#0",
    "options": "fPIC=True\nshared=False",
    "package_id": "be27726f9885116da1158027505be62e913cd585",
    "prev": "0",
    "context": "host"
   },
   "9": {
    "ref": "stb/cci.20210910#0",
    "options": "with_deprecated=True",
    "package_id": "5ab84d6acfe1f23c4fae0ab88f26e3a396351ac9",
    "prev": "0",
    "context": "host"
   },
   "10": {
    "ref": "taocpp-pegtl/3.2.6#0",
    "options": "boost_filesystem=False",
    "package_id": "5ab84d6acfe1f23c4fae0ab88f26e3a396351ac9",
    "prev": "0",
    "context": "host"
   },
   "11": {
    "ref": "ms-gsl/4.0.0#0",
    "options": "",
    "package_id": "5ab84d6acfe1f23c4fae0ab88f26e3a396351ac9",
    "prev": "0",
    "context": "host"
   },
   "12": {
    "ref": "type_safe/0.2.2#0",
    "options": "",
    "package_id": "5ab84d6acfe1f23c4fae0ab88f26e3a396351ac9",
    "prev": "0",
    "requires": [
     "13"
    ],
    "context": "host"
   },
   "13": {
    "ref": "debug_assert/1.3.3#0",
    "options": "",
    "package_id": "5ab84d6acfe1f23c4fae0ab88f26e3a396351ac9",
    "prev": "0",
    "context": "host"
   },
   "14": {
    "ref": "luajit/2.0.5#0",
    "options": "fPIC=True\nshared=False",
    "package_id": "be27726f9885116da1158027505be62e913cd585",
    "prev": "3559bd155f60c9ef49c656153a2db0d8",
    "context": "host"
   },
   "15": {
    "ref": "sfml/2.5.1#0",
    "options": "audio=True\nfPIC=True\ngraphics=True\nnetwork=True\nshared=False\nwindow=True\nbrotli:enable_debug=False\nbrotli:enable_log=False\nbrotli:enable_portable=False\nbrotli:enable_rbit=True\nbrotli:endianness=None\nbrotli:fPIC=True\nbrotli:shared=False\nbrotli:target_bits=None\nbzip2:build_executable=True\nbzip2:fPIC=True\nbzip2:shared=False\nflac:fPIC=True\nflac:shared=False\nfreetype:fPIC=True\nfreetype:shared=False\nfreetype:subpixel=False\nfreetype:with_brotli=True\nfreetype:with_bzip2=True\nfreetype:with_png=True\nfreetype:with_zlib=True\nlibalsa:disable_python=True\nlibalsa:fPIC=True\nlibalsa:shared=False\nlibpng:api_prefix=\nlibpng:fPIC=True\nlibpng:shared=False\nlibpng:sse=True\nogg:fPIC=True\nogg:shared=False\nopenal:fPIC=True\nopenal:shared=False\nstb:with_deprecated=True\nvorbis:fPIC=True\nvorbis:shared=False\nzlib:fPIC=True\nzlib:shared=False",
    "package_id": "f23014e62c24a6034216f769f52958956dfbb877",
    "prev": "0",
    "requires": [
     "16",
     "17",
     "18",
     "19",
     "9",
     "22",
     "24",
     "26"
    ],
    "context": "host"
   },
   "16": {
    "ref": "opengl/system#0",
    "options": "",
    "package_id": "5ab84d6acfe1f23c4fae0ab88f26e3a396351ac9",
    "prev": "0",
    "context": "host"
   },
   "17": {
    "ref": "libudev/system#0",
    "options": "",
    "package_id": "5ab84d6acfe1f23c4fae0ab88f26e3a396351ac9",
    "prev": "0",
    "context": "host"
   },
   "18": {
    "ref": "xorg/system#0",
    "options": "",
    "package_id": "5ab84d6acfe1f23c4fae0ab88f26e3a396351ac9",
    "prev": "0",
    "context": "host"
   },
   "19": {
    "ref": "freetype/2.12.1#0",
    "options": "fPIC=True\nshared=False\nsubpixel=False\nwith_brotli=True\nwith_bzip2=True\nwith_png=True\nwith_zlib=True\nbrotli:enable_debug=False\nbrotli:enable_log=False\nbrotli:enable_portable=False\nbrotli:enable_rbit=True\nbrotli:endianness=None\nbrotli:fPIC=True\nbrotli:shared=False\nbrotli:target_bits=None\nbzip2:build_executable=True\nbzip2:fPIC=True\nbzip2:shared=False\nlibpng:api_prefix=\nlibpng:fPIC=True\nlibpng:shared=False\nlibpng:sse=True\nzlib:fPIC=True\nzlib:shared=False",
    "package_id": "16420e126bff6efa746eed7822d919e143df9a40",
    "prev": "0",
    "requires": [
     "20",
     "6",
     "7",
     "21"
    ],
    "context": "host"
   },
   "20": {
    "ref": "libpng/1.6.38#0",
    "options": "api_prefix=\nfPIC=True\nshared=False\nsse=True\nzlib:fPIC=True\nzlib:shared=False",
    "package_id": "603748838ea57779fa3e5d2c1654692233802817",
    "prev": "0",
    "requires": [
     "6"
    ],
    "context": "host"
   },
   "21": {
    "ref": "brotli/1.0.9#0",
    "options": "enable_debug=False\nenable_log=False\nenable_portable=False\nenable_rbit=True\nendianness=None\nfPIC=True\nshared=False\ntarget_bits=None",
    "package_id": "48127b2f4232777c59f7ab155fabb382e4b944ef",
    "prev": "0",
    "context": "host"
   },
   "22": {
    "ref": "flac/1.3.3#0",
    "options": "fPIC=True\nshared=False\nogg:fPIC=True\nogg:shared=False",
    "package_id": "113715211b2f2cf0c826efed1f322aa2ad94b5d0",
    "prev": "0",
    "requires": [
     "23"
    ],
    "context": "host"
   },
   "23": {
    "ref": "ogg/1.3.5#0",
    "options": "fPIC=True\nshared=False",
    "package_id": "be27726f9885116da1158027505be62e913cd585",
    "prev": "0",
    "context": "host"
   },
   "24": {
    "ref": "openal/1.22.2#0",
    "options": "fPIC=True\nshared=False\nlibalsa:disable_python=True\nlibalsa:fPIC=True\nlibalsa:shared=False",
    "package_id": "6c7ae9da782bc0df493e85ab6778e2861aad778d",
    "prev": "0",
    "requires": [
     "25"
    ],
    "context": "host"
   },
   "25": {
    "ref": "libalsa/1.2.7.2#0",
    "options": "disable_python=True\nfPIC=True\nshared=False",
    "package_id": "537964df6f37aee2c819b0357cf959e6cd7ed719",
    "prev": "0",
    "context": "host"
   },
   "26": {
    "ref": "vorbis/1.3.7#0",
    "options": "fPIC=True\nshared=False\nogg:fPIC=True\nogg:shared=False",
    "package_id": "9873309305b7b5d5985fa4c7c60705659ade6fe6",
    "prev": "0",
    "requires": [
     "23"
    ],
    "context": "host"
   },
   "27": {
    "ref": "di/1.2.0#0",
    "options": "diagnostics_level=1\nwith_extensions=False",
    "package_id": "5ab84d6acfe1f23c4fae0ab88f26e3a396351ac9",
    "prev": "0",
    "context": "host"
   },
   "28": {
    "ref": "spdlog/1.11.0#51a8dbbfe4ea24e30e57920ce5283690",
    "options": "fPIC=True\nheader_only=False\nno_exceptions=False\nshared=False\nwchar_filenames=False\nwchar_support=False\nfmt:fPIC=True\nfmt:header_only=False\nfmt:shared=False\nfmt:with_fmt_alias=False\nfmt:with_os_api=True",
    "package_id": "17ec239c8e7d0d7bc431ed69ecff147175e8b584",
    "prev": "4e45c381e6dfa725ba662167b72ed620",
    "requires": [
     "29"
    ],
    "context": "host"
   },
   "29": {
    "ref": "fmt/9.1.0#811e918ca4b4e0b9ddd6d5a2883efa82",
    "options": "fPIC=True\nheader_only=False\nshared=False\nwith_fmt_alias=False\nwith_os_api=True",
    "package_id": "41c76a9979088c91b1511da4653f9639726c05b8",
    "prev": "38a49a65a46479ca7a512f4948450255",
    "context": "host"
   },
   "30": {
    "ref": "catch2/3.0.1#0",
    "options": "default_reporter=None\nfPIC=True\nshared=False\nwith_prefix=False",
    "package_id": "133a1f2158ff2cf69739f316ec21143785be54c7",
    "prev": "0",
    "context": "host"
   },
   "31": {
    "ref": "cmake/3.22.0#60e9b73738bb8fb528df483bf4d65d02",
    "options": "with_openssl=True\nopenssl:386=False\nopenssl:enable_weak_ssl_ciphers=False\nopenssl:fPIC=True\nopenssl:no_aria=False\nopenssl:no_asm=False\nopenssl:no_async=False\nopenssl:no_bf=False\nopenssl:no_blake2=False\nopenssl:no_camellia=False\nopenssl:no_cast=False\nopenssl:no_chacha=False\nopenssl:no_cms=False\nopenssl:no_comp=False\nopenssl:no_ct=False\nopenssl:no_deprecated=False\nopenssl:no_des=False\nopenssl:no_dgram=False\nopenssl:no_dh=False\nopenssl:no_dsa=False\nopenssl:no_dso=False\nopenssl:no_ec=False\nopenssl:no_ecdh=False\nopenssl:no_ecdsa=False\nopenssl:no_engine=False\nopenssl:no_filenames=False\nopenssl:no_gost=False\nopenssl:no_hmac=False\nopenssl:no_idea=False\nopenssl:no_md4=False\nopenssl:no_md5=False\nopenssl:no_mdc2=False\nopenssl:no_ocsp=False\nopenssl:no_pinshared=False\nopenssl:no_rc2=False\nopenssl:no_rfc3779=False\nopenssl:no_rmd160=False\nopenssl:no_rsa=False\nopenssl:no_seed=False\nopenssl:no_sha=False\nopenssl:no_sm2=False\nopenssl:no_sm3=False\nopenssl:no_sm4=False\nopenssl:no_sock=False\nopenssl:no_srp=False\nopenssl:no_srtp=False\nopenssl:no_sse2=False\nopenssl:no_ssl=False\nopenssl:no_ssl3=False\nopenssl:no_stdio=False\nopenssl:no_tests=False\nopenssl:no_threads=False\nopenssl:no_tls1=False\nopenssl:no_ts=False\nopenssl:no_whirlpool=False\nopenssl:openssldir=None\nopenssl:shared=False",
    "package_id": "d236921d4854b1409aaf5c280132cd46839056aa",
    "prev": "8941761deb2848eddaabe5db2754f461",
    "requires": [
     "32"
    ],
    "context": "host"
   },
   "32": {
    "ref": "openssl/1.1.1o#4405b3b0a045933a2065e194965b38c1",
    "options": "386=False\nenable_weak_ssl_ciphers=False\nfPIC=True\nno_aria=False\nno_asm=False\nno_async=False\nno_bf=False\nno_blake2=False\nno_camellia=False\nno_cast=False\nno_chacha=False\nno_cms=False\nno_comp=False\nno_ct=False\nno_deprecated=False\nno_des=False\nno_dgram=False\nno_dh=False\nno_dsa=False\nno_dso=False\nno_ec=False\nno_ecdh=False\nno_ecdsa=False\nno_engine=False\nno_filenames=False\nno_gost=False\nno_hmac=False\nno_idea=False\nno_md4=False\nno_md5=False\nno_mdc2=False\nno_ocsp=False\nno_pinshared=False\nno_rc2=False\nno_rfc3779=False\nno_rmd160=False\nno_rsa=False\nno_seed=False\nno_sha=False\nno_sm2=False\nno_sm3=False\nno_sm4=False\nno_sock=False\nno_srp=False\nno_srtp=False\nno_sse2=False\nno_ssl=False\nno_ssl3=False\nno_stdio=False\nno_tests=False\nno_threads=False\nno_tls1=False\nno_ts=False\nno_whirlpool=False\nopenssldir=None\nshared=False",
    "package_id": "be27726f9885116da1158027505be62e913cd585",
    "prev": "fc1264327a42bd8f863bf7654158b375",
    "context": "host"
   }
  },
  "revisions_enabled": true
 },
 "version": "0.4",
 "profile_host": "[settings]\narch=x86_64\narch_build=x86_64\nbuild_type=Debug\ncompiler=gcc\ncompiler.libcxx=libstdc++\ncompiler.version=11\nos=Linux\nos_build=Linux\n[options]\n[build_requires]\n[env]\n"
}